
Microsoft Visual Studio Solution File, Format Version 12.00
# Visual Studio Version 16
VisualStudioVersion = 16.0.31515.178
MinimumVisualStudioVersion = 10.0.40219.1
Project("{9A19103F-16F7-4668-BE54-9A1E7A4F7556}") = "NotesCRUD", "NotesCRUD.csproj", "{B2729F6E-5F0B-4BAA-91DF-8B30AA498CB0}"
EndProject
Global
	GlobalSection(SolutionConfigurationPlatforms) = preSolution
		Debug|Any CPU = Debug|Any CPU
		Release|Any CPU = Release|Any CPU
	EndGlobalSection
	GlobalSection(ProjectConfigurationPlatforms) = postSolution
		{B2729F6E-5F0B-4BAA-91DF-8B30AA498CB0}.Debug|Any CPU.ActiveCfg = Debug|Any CPU
		{B2729F6E-5F0B-4BAA-91DF-8B30AA498CB0}.Debug|Any CPU.Build.0 = Debug|Any CPU
		{B2729F6E-5F0B-4BAA-91DF-8B30AA498CB0}.Release|Any CPU.ActiveCfg = Release|Any CPU
		{B2729F6E-5F0B-4BAA-91DF-8B30AA498CB0}.Release|Any CPU.Build.0 = Release|Any CPU
	EndGlobalSection
	GlobalSection(SolutionProperties) = preSolution
		HideSolutionNode = FALSE
	EndGlobalSection
	GlobalSection(ExtensibilityGlobals) = postSolution
		SolutionGuid = {BAB16C53-5698-4DFC-A903-8979CF26B443}
	EndGlobalSection
EndGlobal
